
Microsoft Visual Studio Solution File, Format Version 12.00
# Visual Studio Version 16
VisualStudioVersion = 16.0.31911.196
MinimumVisualStudioVersion = 10.0.40219.1
Project("{FAE04EC0-301F-11D3-BF4B-00C04F79EFBC}") = "ApiDesafio", "ApiDesafio\ApiDesafio.csproj", "{04433F3E-3822-4D19-B667-6A51A309AB36}"
EndProject
Global
	GlobalSection(SolutionConfigurationPlatforms) = preSolution
		Debug|Any CPU = Debug|Any CPU
		Release|Any CPU = Release|Any CPU
	EndGlobalSection
	GlobalSection(ProjectConfigurationPlatforms) = postSolution
		{04433F3E-3822-4D19-B667-6A51A309AB36}.Debug|Any CPU.ActiveCfg = Debug|Any CPU
		{04433F3E-3822-4D19-B667-6A51A309AB36}.Debug|Any CPU.Build.0 = Debug|Any CPU
		{04433F3E-3822-4D19-B667-6A51A309AB36}.Release|Any CPU.ActiveCfg = Release|Any CPU
		{04433F3E-3822-4D19-B667-6A51A309AB36}.Release|Any CPU.Build.0 = Release|Any CPU
	EndGlobalSection
	GlobalSection(SolutionProperties) = preSolution
		HideSolutionNode = FALSE
	EndGlobalSection
	GlobalSection(ExtensibilityGlobals) = postSolution
		SolutionGuid = {84A7635A-43D8-4C32-B95F-607E6441CD4F}
	EndGlobalSection
EndGlobal
